// !$*UTF8*$!
{
	archiveVersion = 1;
	classes = {
	};
	objectVersion = 77;
	objects = {

/* Begin PBXBuildFile section */
		2CF6C7072E4A6BA200144738 /* DynamicIslandMac.swift in Sources */ = {isa = PBXBuildFile; fileRef = 2CF6C7062E4A6B9D00144738 /* DynamicIslandMac.swift */; };
/* End PBXBuildFile section */

/* Begin PBXContainerItemProxy section */
		2CF6C6EA2E4A6B7300144738 /* PBXContainerItemProxy */ = {
			isa = PBXContainerItemProxy;
			containerPortal = 2CF6C6D32E4A6B7100144738 /* Project object */;
			proxyType = 1;
			remoteGlobalIDString = 2CF6C6DA2E4A6B7100144738;
			remoteInfo = DynamicIslandMac;
		};
		2CF6C6F42E4A6B7300144738 /* PBXContainerItemProxy */ = {
			isa = PBXContainerItemProxy;
			containerPortal = 2CF6C6D32E4A6B7100144738 /* Project object */;
			proxyType = 1;
			remoteGlobalIDString = 2CF6C6DA2E4A6B7100144738;
			remoteInfo = DynamicIslandMac;
		};
/* End PBXContainerItemProxy section */

/* Begin PBXFileReference section */
		2CF6C6DB2E4A6B7100144738 /* DynamicIslandMac.app */ = {isa = PBXFileReference; explicitFileType = wrapper.application; includeInIndex = 0; path = DynamicIslandMac.app; sourceTree = BUILT_PRODUCTS_DIR; };
		2CF6C6E92E4A6B7300144738 /* DynamicIslandMacTests.xctest */ = {isa = PBXFileReference; explicitFileType = wrapper.cfbundle; includeInIndex = 0; path = DynamicIslandMacTests.xctest; sourceTree = BUILT_PRODUCTS_DIR; };
		2CF6C6F32E4A6B7300144738 /* DynamicIslandMacUITests.xctest */ = {isa = PBXFileReference; explicitFileType = wrapper.cfbundle; includeInIndex = 0; path = DynamicIslandMacUITests.xctest; sourceTree = BUILT_PRODUCTS_DIR; };
		2CF6C7062E4A6B9D00144738 /* DynamicIslandMac.swift */ = {isa = PBXFileReference; lastKnownFileType = sourcecode.swift; path = DynamicIslandMac.swift; sourceTree = "<group>"; };
/* End PBXFileReference section */

/* Begin PBXFileSystemSynchronizedRootGroup section */
		2CF6C6DD2E4A6B7100144738 /* DynamicIslandMac */ = {
			isa = PBXFileSystemSynchronizedRootGroup;
			path = DynamicIslandMac;
			sourceTree = "<group>";
		};
		2CF6C6EC2E4A6B7300144738 /* DynamicIslandMacTests */ = {
			isa = PBXFileSystemSynchronizedRootGroup;
			path = DynamicIslandMacTests;
			sourceTree = "<group>";
		};
		2CF6C6F62E4A6B7300144738 /* DynamicIslandMacUITests */ = {
			isa = PBXFileSystemSynchronizedRootGroup;
			path = DynamicIslandMacUITests;
			sourceTree = "<group>";
		};
/* End PBXFileSystemSynchronizedRootGroup section */

/* Begin PBXFrameworksBuildPhase section */
		2CF6C6D82E4A6B7100144738 /* Frameworks */ = {
			isa = PBXFrameworksBuildPhase;
			buildActionMask = 2147483647;
			files = (
			);
			runOnlyForDeploymentPostprocessing = 0;
		};
		2CF6C6E62E4A6B7300144738 /* Frameworks */ = {
			isa = PBXFrameworksBuildPhase;
			buildActionMask = 2147483647;
			files = (
			);
			runOnlyForDeploymentPostprocessing = 0;
		};
		2CF6C6F02E4A6B7300144738 /* Frameworks */ = {
			isa = PBXFrameworksBuildPhase;
			buildActionMask = 2147483647;
			files = (
			);
			runOnlyForDeploymentPostprocessing = 0;
		};
/* End PBXFrameworksBuildPhase section */

/* Begin PBXGroup section */
		2CF6C6D22E4A6B7100144738 = {
			isa = PBXGroup;
			children = (
				2CF6C7062E4A6B9D00144738 /* DynamicIslandMac.swift */,
				2CF6C6DD2E4A6B7100144738 /* DynamicIslandMac */,
				2CF6C6EC2E4A6B7300144738 /* DynamicIslandMacTests */,
				2CF6C6F62E4A6B7300144738 /* DynamicIslandMacUITests */,
				2CF6C6DC2E4A6B7100144738 /* Products */,
			);
			sourceTree = "<group>";
		};
		2CF6C6DC2E4A6B7100144738 /* Products */ = {
			isa = PBXGroup;
			children = (
				2CF6C6DB2E4A6B7100144738 /* DynamicIslandMac.app */,
				2CF6C6E92E4A6B7300144738 /* DynamicIslandMacTests.xctest */,
				2CF6C6F32E4A6B7300144738 /* DynamicIslandMacUITests.xctest */,
			);
			name = Products;
			sourceTree = "<group>";
		};
/* End PBXGroup section */

/* Begin PBXNativeTarget section */
		2CF6C6DA2E4A6B7100144738 /* DynamicIslandMac */ = {
			isa = PBXNativeTarget;
			buildConfigurationList = 2CF6C6FD2E4A6B7300144738 /* Build configuration list for PBXNativeTarget "DynamicIslandMac" */;
			buildPhases = (
				2CF6C6D72E4A6B7100144738 /* Sources */,
				2CF6C6D82E4A6B7100144738 /* Frameworks */,
				2CF6C6D92E4A6B7100144738 /* Resources */,
			);
			buildRules = (
			);
			dependencies = (
			);
			fileSystemSynchronizedGroups = (
				2CF6C6DD2E4A6B7100144738 /* DynamicIslandMac */,
			);
			name = DynamicIslandMac;
			packageProductDependencies = (
			);
			productName = DynamicIslandMac;
			productReference = 2CF6C6DB2E4A6B7100144738 /* DynamicIslandMac.app */;
			productType = "com.apple.product-type.application";
		};
		2CF6C6E82E4A6B7300144738 /* DynamicIslandMacTests */ = {
			isa = PBXNativeTarget;
			buildConfigurationList = 2CF6C7002E4A6B7300144738 /* Build configuration list for PBXNativeTarget "DynamicIslandMacTests" */;
			buildPhases = (
				2CF6C6E52E4A6B7300144738 /* Sources */,
				2CF6C6E62E4A6B7300144738 /* Frameworks */,
				2CF6C6E72E4A6B7300144738 /* Resources */,
			);
			buildRules = (
			);
			dependencies = (
				2CF6C6EB2E4A6B7300144738 /* PBXTargetDependency */,
			);
			fileSystemSynchronizedGroups = (
				2CF6C6EC2E4A6B7300144738 /* DynamicIslandMacTests */,
			);
			name = DynamicIslandMacTests;
			packageProductDependencies = (
			);
			productName = DynamicIslandMacTests;
			productReference = 2CF6C6E92E4A6B7300144738 /* DynamicIslandMacTests.xctest */;
			productType = "com.apple.product-type.bundle.unit-test";
		};
		2CF6C6F22E4A6B7300144738 /* DynamicIslandMacUITests */ = {
			isa = PBXNativeTarget;
			buildConfigurationList = 2CF6C7032E4A6B7300144738 /* Build configuration list for PBXNativeTarget "DynamicIslandMacUITests" */;
			buildPhases = (
				2CF6C6EF2E4A6B7300144738 /* Sources */,
				2CF6C6F02E4A6B7300144738 /* Frameworks */,
				2CF6C6F12E4A6B7300144738 /* Resources */,
			);
			buildRules = (
			);
			dependencies = (
				2CF6C6F52E4A6B7300144738 /* PBXTargetDependency */,
			);
			fileSystemSynchronizedGroups = (
				2CF6C6F62E4A6B7300144738 /* DynamicIslandMacUITests */,
			);
			name = DynamicIslandMacUITests;
			packageProductDependencies = (
			);
			productName = DynamicIslandMacUITests;
			productReference = 2CF6C6F32E4A6B7300144738 /* DynamicIslandMacUITests.xctest */;
			productType = "com.apple.product-type.bundle.ui-testing";
		};
/* End PBXNativeTarget section */

/* Begin PBXProject section */
		2CF6C6D32E4A6B7100144738 /* Project object */ = {
			isa = PBXProject;
			attributes = {
				BuildIndependentTargetsInParallel = 1;
				LastSwiftUpdateCheck = 1640;
				LastUpgradeCheck = 1640;
				TargetAttributes = {
					2CF6C6DA2E4A6B7100144738 = {
						CreatedOnToolsVersion = 16.4;
					};
					2CF6C6E82E4A6B7300144738 = {
						CreatedOnToolsVersion = 16.4;
						TestTargetID = 2CF6C6DA2E4A6B7100144738;
					};
					2CF6C6F22E4A6B7300144738 = {
						CreatedOnToolsVersion = 16.4;
						TestTargetID = 2CF6C6DA2E4A6B7100144738;
					};
				};
			};
			buildConfigurationList = 2CF6C6D62E4A6B7100144738 /* Build configuration list for PBXProject "DynamicIslandMac" */;
			developmentRegion = en;
			hasScannedForEncodings = 0;
			knownRegions = (
				en,
				Base,
			);
			mainGroup = 2CF6C6D22E4A6B7100144738;
			minimizedProjectReferenceProxies = 1;
			preferredProjectObjectVersion = 77;
			productRefGroup = 2CF6C6DC2E4A6B7100144738 /* Products */;
			projectDirPath = "";
			projectRoot = "";
			targets = (
				2CF6C6DA2E4A6B7100144738 /* DynamicIslandMac */,
				2CF6C6E82E4A6B7300144738 /* DynamicIslandMacTests */,
				2CF6C6F22E4A6B7300144738 /* DynamicIslandMacUITests */,
			);
		};
/* End PBXProject section */

/* Begin PBXResourcesBuildPhase section */
		2CF6C6D92E4A6B7100144738 /* Resources */ = {
			isa = PBXResourcesBuildPhase;
			buildActionMask = 2147483647;
			files = (
			);
			runOnlyForDeploymentPostprocessing = 0;
		};
		2CF6C6E72E4A6B7300144738 /* Resources */ = {
			isa = PBXResourcesBuildPhase;
			buildActionMask = 2147483647;
			files = (
			);
			runOnlyForDeploymentPostprocessing = 0;
		};
		2CF6C6F12E4A6B7300144738 /* Resources */ = {
			isa = PBXResourcesBuildPhase;
			buildActionMask = 2147483647;
			files = (
			);
			runOnlyForDeploymentPostprocessing = 0;
		};
/* End PBXResourcesBuildPhase section */

/* Begin PBXSourcesBuildPhase section */
		2CF6C6D72E4A6B7100144738 /* Sources */ = {
			isa = PBXSourcesBuildPhase;
			buildActionMask = 2147483647;
			files = (
				2CF6C7072E4A6BA200144738 /* DynamicIslandMac.swift in Sources */,
			);
			runOnlyForDeploymentPostprocessing = 0;
		};
		2CF6C6E52E4A6B7300144738 /* Sources */ = {
			isa = PBXSourcesBuildPhase;
			buildActionMask = 2147483647;
			files = (
			);
			runOnlyForDeploymentPostprocessing = 0;
		};
		2CF6C6EF2E4A6B7300144738 /* Sources */ = {
			isa = PBXSourcesBuildPhase;
			buildActionMask = 2147483647;
			files = (
			);
			runOnlyForDeploymentPostprocessing = 0;
		};
/* End PBXSourcesBuildPhase section */

/* Begin PBXTargetDependency section */
		2CF6C6EB2E4A6B7300144738 /* PBXTargetDependency */ = {
			isa = PBXTargetDependency;
			target = 2CF6C6DA2E4A6B7100144738 /* DynamicIslandMac */;
			targetProxy = 2CF6C6EA2E4A6B7300144738 /* PBXContainerItemProxy */;
		};
		2CF6C6F52E4A6B7300144738 /* PBXTargetDependency */ = {
			isa = PBXTargetDependency;
			target = 2CF6C6DA2E4A6B7100144738 /* DynamicIslandMac */;
			targetProxy = 2CF6C6F42E4A6B7300144738 /* PBXContainerItemProxy */;
		};
/* End PBXTargetDependency section */

/* Begin XCBuildConfiguration section */
		2CF6C6FB2E4A6B7300144738 /* Debug */ = {
			isa = XCBuildConfiguration;
			buildSettings = {
				ALWAYS_SEARCH_USER_PATHS = NO;
				ASSETCATALOG_COMPILER_GENERATE_SWIFT_ASSET_SYMBOL_EXTENSIONS = YES;
				CLANG_ANALYZER_NONNULL = YES;
				CLANG_ANALYZER_NUMBER_OBJECT_CONVERSION = YES_AGGRESSIVE;
				CLANG_CXX_LANGUAGE_STANDARD = "gnu++20";
				CLANG_ENABLE_MODULES = YES;
				CLANG_ENABLE_OBJC_ARC = YES;
				CLANG_ENABLE_OBJC_WEAK = YES;
				CLANG_WARN_BLOCK_CAPTURE_AUTORELEASING = YES;
				CLANG_WARN_BOOL_CONVERSION = YES;
				CLANG_WARN_COMMA = YES;
				CLANG_WARN_CONSTANT_CONVERSION = YES;
				CLANG_WARN_DEPRECATED_OBJC_IMPLEMENTATIONS = YES;
				CLANG_WARN_DIRECT_OBJC_ISA_USAGE = YES_ERROR;
				CLANG_WARN_DOCUMENTATION_COMMENTS = YES;
				CLANG_WARN_EMPTY_BODY = YES;
				CLANG_WARN_ENUM_CONVERSION = YES;
				CLANG_WARN_INFINITE_RECURSION = YES;
				CLANG_WARN_INT_CONVERSION = YES;
				CLANG_WARN_NON_LITERAL_NULL_CONVERSION = YES;
				CLANG_WARN_OBJC_IMPLICIT_RETAIN_SELF = YES;
				CLANG_WARN_OBJC_LITERAL_CONVERSION = YES;
				CLANG_WARN_OBJC_ROOT_CLASS = YES_ERROR;
				CLANG_WARN_QUOTED_INCLUDE_IN_FRAMEWORK_HEADER = YES;
				CLANG_WARN_RANGE_LOOP_ANALYSIS = YES;
				CLANG_WARN_STRICT_PROTOTYPES = YES;
				CLANG_WARN_SUSPICIOUS_MOVE = YES;
				CLANG_WARN_UNGUARDED_AVAILABILITY = YES_AGGRESSIVE;
				CLANG_WARN_UNREACHABLE_CODE = YES;
				CLANG_WARN__DUPLICATE_METHOD_MATCH = YES;
				COPY_PHASE_STRIP = NO;
				DEBUG_INFORMATION_FORMAT = dwarf;
				ENABLE_STRICT_OBJC_MSGSEND = YES;
				ENABLE_TESTABILITY = YES;
				ENABLE_USER_SCRIPT_SANDBOXING = YES;
				GCC_C_LANGUAGE_STANDARD = gnu17;
				GCC_DYNAMIC_NO_PIC = NO;
				GCC_NO_COMMON_BLOCKS = YES;
				GCC_OPTIMIZATION_LEVEL = 0;
				GCC_PREPROCESSOR_DEFINITIONS = (
					"DEBUG=1",
					"$(inherited)",
				);
				GCC_WARN_64_TO_32_BIT_CONVERSION = YES;
				GCC_WARN_ABOUT_RETURN_TYPE = YES_ERROR;
				GCC_WARN_UNDECLARED_SELECTOR = YES;
				GCC_WARN_UNINITIALIZED_AUTOS = YES_AGGRESSIVE;
				GCC_WARN_UNUSED_FUNCTION = YES;
				GCC_WARN_UNUSED_VARIABLE = YES;
				LOCALIZATION_PREFERS_STRING_CATALOGS = YES;
				MACOSX_DEPLOYMENT_TARGET = 15.5;
				MTL_ENABLE_DEBUG_INFO = INCLUDE_SOURCE;
				MTL_FAST_MATH = YES;
				ONLY_ACTIVE_ARCH = YES;
				SDKROOT = macosx;
				SWIFT_ACTIVE_COMPILATION_CONDITIONS = "DEBUG $(inherited)";
				SWIFT_OPTIMIZATION_LEVEL = "-Onone";
			};
			name = Debug;
		};
		2CF6C6FC2E4A6B7300144738 /* Release */ = {
			isa = XCBuildConfiguration;
			buildSettings = {
				ALWAYS_SEARCH_USER_PATHS = NO;
				ASSETCATALOG_COMPILER_GENERATE_SWIFT_ASSET_SYMBOL_EXTENSIONS = YES;
				CLANG_ANALYZER_NONNULL = YES;
				CLANG_ANALYZER_NUMBER_OBJECT_CONVERSION = YES_AGGRESSIVE;
				CLANG_CXX_LANGUAGE_STANDARD = "gnu++20";
				CLANG_ENABLE_MODULES = YES;
				CLANG_ENABLE_OBJC_ARC = YES;
				CLANG_ENABLE_OBJC_WEAK = YES;
				CLANG_WARN_BLOCK_CAPTURE_AUTORELEASING = YES;
				CLANG_WARN_BOOL_CONVERSION = YES;
				CLANG_WARN_COMMA = YES;
				CLANG_WARN_CONSTANT_CONVERSION = YES;
				CLANG_WARN_DEPRECATED_OBJC_IMPLEMENTATIONS = YES;
				CLANG_WARN_DIRECT_OBJC_ISA_USAGE = YES_ERROR;
				CLANG_WARN_DOCUMENTATION_COMMENTS = YES;
				CLANG_WARN_EMPTY_BODY = YES;
				CLANG_WARN_ENUM_CONVERSION = YES;
				CLANG_WARN_INFINITE_RECURSION = YES;
				CLANG_WARN_INT_CONVERSION = YES;
				CLANG_WARN_NON_LITERAL_NULL_CONVERSION = YES;
				CLANG_WARN_OBJC_IMPLICIT_RETAIN_SELF = YES;
				CLANG_WARN_OBJC_LITERAL_CONVERSION = YES;
				CLANG_WARN_OBJC_ROOT_CLASS = YES_ERROR;
				CLANG_WARN_QUOTED_INCLUDE_IN_FRAMEWORK_HEADER = YES;
				CLANG_WARN_RANGE_LOOP_ANALYSIS = YES;
				CLANG_WARN_STRICT_PROTOTYPES = YES;
				CLANG_WARN_SUSPICIOUS_MOVE = YES;
				CLANG_WARN_UNGUARDED_AVAILABILITY = YES_AGGRESSIVE;
				CLANG_WARN_UNREACHABLE_CODE = YES;
				CLANG_WARN__DUPLICATE_METHOD_MATCH = YES;
				COPY_PHASE_STRIP = NO;
				DEBUG_INFORMATION_FORMAT = "dwarf-with-dsym";
				ENABLE_NS_ASSERTIONS = NO;
				ENABLE_STRICT_OBJC_MSGSEND = YES;
				ENABLE_USER_SCRIPT_SANDBOXING = YES;
				GCC_C_LANGUAGE_STANDARD = gnu17;
				GCC_NO_COMMON_BLOCKS = YES;
				GCC_WARN_64_TO_32_BIT_CONVERSION = YES;
				GCC_WARN_ABOUT_RETURN_TYPE = YES_ERROR;
				GCC_WARN_UNDECLARED_SELECTOR = YES;
				GCC_WARN_UNINITIALIZED_AUTOS = YES_AGGRESSIVE;
				GCC_WARN_UNUSED_FUNCTION = YES;
				GCC_WARN_UNUSED_VARIABLE = YES;
				LOCALIZATION_PREFERS_STRING_CATALOGS = YES;
				MACOSX_DEPLOYMENT_TARGET = 15.5;
				MTL_ENABLE_DEBUG_INFO = NO;
				MTL_FAST_MATH = YES;
				SDKROOT = macosx;
				SWIFT_COMPILATION_MODE = wholemodule;
			};
			name = Release;
		};
		2CF6C6FE2E4A6B7300144738 /* Debug */ = {
			isa = XCBuildConfiguration;
			buildSettings = {
				ASSETCATALOG_COMPILER_APPICON_NAME = AppIcon;
				ASSETCATALOG_COMPILER_GLOBAL_ACCENT_COLOR_NAME = AccentColor;
				CODE_SIGN_ENTITLEMENTS = DynamicIslandMac/DynamicIslandMac.entitlements;
				CODE_SIGN_STYLE = Automatic;
				COMBINE_HIDPI_IMAGES = YES;
				CURRENT_PROJECT_VERSION = 1;
				ENABLE_PREVIEWS = YES;
				GENERATE_INFOPLIST_FILE = YES;
				INFOPLIST_KEY_NSHumanReadableCopyright = "";
				LD_RUNPATH_SEARCH_PATHS = (
					"$(inherited)",
					"@executable_path/../Frameworks",
				);
				MARKETING_VERSION = 1.0;
				PRODUCT_BUNDLE_IDENTIFIER = ee.DynamicIslandMac;
				PRODUCT_NAME = "$(TARGET_NAME)";
				REGISTER_APP_GROUPS = YES;
				SWIFT_EMIT_LOC_STRINGS = YES;
				SWIFT_VERSION = 5.0;
			};
			name = Debug;
		};
		2CF6C6FF2E4A6B7300144738 /* Release */ = {
			isa = XCBuildConfiguration;
			buildSettings = {
				ASSETCATALOG_COMPILER_APPICON_NAME = AppIcon;
				ASSETCATALOG_COMPILER_GLOBAL_ACCENT_COLOR_NAME = AccentColor;
				CODE_SIGN_ENTITLEMENTS = DynamicIslandMac/DynamicIslandMac.entitlements;
				CODE_SIGN_STYLE = Automatic;
				COMBINE_HIDPI_IMAGES = YES;
				CURRENT_PROJECT_VERSION = 1;
				ENABLE_PREVIEWS = YES;
				GENERATE_INFOPLIST_FILE = YES;
				INFOPLIST_KEY_NSHumanReadableCopyright = "";
				LD_RUNPATH_SEARCH_PATHS = (
					"$(inherited)",
					"@executable_path/../Frameworks",
				);
				MARKETING_VERSION = 1.0;
				PRODUCT_BUNDLE_IDENTIFIER = ee.DynamicIslandMac;
				PRODUCT_NAME = "$(TARGET_NAME)";
				REGISTER_APP_GROUPS = YES;
				SWIFT_EMIT_LOC_STRINGS = YES;
				SWIFT_VERSION = 5.0;
			};
			name = Release;
		};
		2CF6C7012E4A6B7300144738 /* Debug */ = {
			isa = XCBuildConfiguration;
			buildSettings = {
				BUNDLE_LOADER = "$(TEST_HOST)";
				CODE_SIGN_STYLE = Automatic;
				CURRENT_PROJECT_VERSION = 1;
				GENERATE_INFOPLIST_FILE = YES;
				MACOSX_DEPLOYMENT_TARGET = 15.5;
				MARKETING_VERSION = 1.0;
				PRODUCT_BUNDLE_IDENTIFIER = ee.DynamicIslandMacTests;
				PRODUCT_NAME = "$(TARGET_NAME)";
				SWIFT_EMIT_LOC_STRINGS = NO;
				SWIFT_VERSION = 5.0;
				TEST_HOST = "$(BUILT_PRODUCTS_DIR)/DynamicIslandMac.app/$(BUNDLE_EXECUTABLE_FOLDER_PATH)/DynamicIslandMac";
			};
			name = Debug;
		};
		2CF6C7022E4A6B7300144738 /* Release */ = {
			isa = XCBuildConfiguration;
			buildSettings = {
				BUNDLE_LOADER = "$(TEST_HOST)";
				CODE_SIGN_STYLE = Automatic;
				CURRENT_PROJECT_VERSION = 1;
				GENERATE_INFOPLIST_FILE = YES;
				MACOSX_DEPLOYMENT_TARGET = 15.5;
				MARKETING_VERSION = 1.0;
				PRODUCT_BUNDLE_IDENTIFIER = ee.DynamicIslandMacTests;
				PRODUCT_NAME = "$(TARGET_NAME)";
				SWIFT_EMIT_LOC_STRINGS = NO;
				SWIFT_VERSION = 5.0;
				TEST_HOST = "$(BUILT_PRODUCTS_DIR)/DynamicIslandMac.app/$(BUNDLE_EXECUTABLE_FOLDER_PATH)/DynamicIslandMac";
			};
			name = Release;
		};
		2CF6C7042E4A6B7300144738 /* Debug */ = {
			isa = XCBuildConfiguration;
			buildSettings = {
				CODE_SIGN_STYLE = Automatic;
				CURRENT_PROJECT_VERSION = 1;
				GENERATE_INFOPLIST_FILE = YES;
				MARKETING_VERSION = 1.0;
				PRODUCT_BUNDLE_IDENTIFIER = ee.DynamicIslandMacUITests;
				PRODUCT_NAME = "$(TARGET_NAME)";
				SWIFT_EMIT_LOC_STRINGS = NO;
				SWIFT_VERSION = 5.0;
				TEST_TARGET_NAME = DynamicIslandMac;
			};
			name = Debug;
		};
		2CF6C7052E4A6B7300144738 /* Release */ = {
			isa = XCBuildConfiguration;
			buildSettings = {
				CODE_SIGN_STYLE = Automatic;
				CURRENT_PROJECT_VERSION = 1;
				GENERATE_INFOPLIST_FILE = YES;
				MARKETING_VERSION = 1.0;
				PRODUCT_BUNDLE_IDENTIFIER = ee.DynamicIslandMacUITests;
				PRODUCT_NAME = "$(TARGET_NAME)";
				SWIFT_EMIT_LOC_STRINGS = NO;
				SWIFT_VERSION = 5.0;
				TEST_TARGET_NAME = DynamicIslandMac;
			};
			name = Release;
		};
/* End XCBuildConfiguration section */

/* Begin XCConfigurationList section */
		2CF6C6D62E4A6B7100144738 /* Build configuration list for PBXProject "DynamicIslandMac" */ = {
			isa = XCConfigurationList;
			buildConfigurations = (
				2CF6C6FB2E4A6B7300144738 /* Debug */,
				2CF6C6FC2E4A6B7300144738 /* Release */,
			);
			defaultConfigurationIsVisible = 0;
			defaultConfigurationName = Release;
		};
		2CF6C6FD2E4A6B7300144738 /* Build configuration list for PBXNativeTarget "DynamicIslandMac" */ = {
			isa = XCConfigurationList;
			buildConfigurations = (
				2CF6C6FE2E4A6B7300144738 /* Debug */,
				2CF6C6FF2E4A6B7300144738 /* Release */,
			);
			defaultConfigurationIsVisible = 0;
			defaultConfigurationName = Release;
		};
		2CF6C7002E4A6B7300144738 /* Build configuration list for PBXNativeTarget "DynamicIslandMacTests" */ = {
			isa = XCConfigurationList;
			buildConfigurations = (
				2CF6C7012E4A6B7300144738 /* Debug */,
				2CF6C7022E4A6B7300144738 /* Release */,
			);
			defaultConfigurationIsVisible = 0;
			defaultConfigurationName = Release;
		};
		2CF6C7032E4A6B7300144738 /* Build configuration list for PBXNativeTarget "DynamicIslandMacUITests" */ = {
			isa = XCConfigurationList;
			buildConfigurations = (
				2CF6C7042E4A6B7300144738 /* Debug */,
				2CF6C7052E4A6B7300144738 /* Release */,
			);
			defaultConfigurationIsVisible = 0;
			defaultConfigurationName = Release;
		};
/* End XCConfigurationList section */
	};
	rootObject = 2CF6C6D32E4A6B7100144738 /* Project object */;
}
